{
  "object": {
    "pins": [
      {
        "package": "combine-schedulers",
        "repositoryURL": "https://github.com/pointfreeco/combine-schedulers",
        "state": {
          "branch": null,
          "revision": "6dcc7c034d28fe7ac652453faeae07656f723909",
          "version": "0.5.1"
        }
      },
      {
        "package": "NetworkImage",
        "repositoryURL": "https://github.com/gonzalezreal/NetworkImage",
        "state": {
          "branch": null,
          "revision": "d7b018eadd0bbb3b9057cfb5245f26e741855ac6",
          "version": "3.1.0"
        }
      },
      {
        "package": "xctest-dynamic-overlay",
        "repositoryURL": "https://github.com/pointfreeco/xctest-dynamic-overlay",
        "state": {
          "branch": null,
          "revision": "152390e9e78ebbf0d767ee52971d41e7f44f39bc",
          "version": "0.1.1"
        }
      }
    ]
  },
  "version": 1
}
